
Microsoft Visual Studio Solution File, Format Version 12.00
# Visual Studio Version 16
VisualStudioVersion = 16.0.809.7
MinimumVisualStudioVersion = 10.0.40219.1
Project("{FAE04EC0-301F-11D3-BF4B-00C04F79EFBC}") = "TestConsole", "TestConsole\TestConsole.csproj", "{79EBAC86-6476-46D6-B89D-B2B7B6493711}"
EndProject
Global
	GlobalSection(SolutionConfigurationPlatforms) = preSolution
		Debug|Any CPU = Debug|Any CPU
		Release|Any CPU = Release|Any CPU
	EndGlobalSection
	GlobalSection(ProjectConfigurationPlatforms) = postSolution
		{79EBAC86-6476-46D6-B89D-B2B7B6493711}.Debug|Any CPU.ActiveCfg = Debug|Any CPU
		{79EBAC86-6476-46D6-B89D-B2B7B6493711}.Debug|Any CPU.Build.0 = Debug|Any CPU
		{79EBAC86-6476-46D6-B89D-B2B7B6493711}.Release|Any CPU.ActiveCfg = Release|Any CPU
		{79EBAC86-6476-46D6-B89D-B2B7B6493711}.Release|Any CPU.Build.0 = Release|Any CPU
	EndGlobalSection
	GlobalSection(SolutionProperties) = preSolution
		HideSolutionNode = FALSE
	EndGlobalSection
	GlobalSection(ExtensibilityGlobals) = postSolution
		SolutionGuid = {656B3523-D9BF-44F6-8715-B33F0EB4363E}
	EndGlobalSection
EndGlobal
